
Microsoft Visual Studio Solution File, Format Version 10.00
# Visual Studio 2008
Project("{8BC9CEB8-8B4A-11D0-8D11-00A0C91BC942}") = "CAD4MI", "CAD4MI\CAD4MI.vcproj", "{038F4FFE-49C5-4F22-85A1-80156E3928BF}"
	ProjectSection(ProjectDependencies) = postProject
		{B903BC53-D4FC-4C45-8C96-05944FF2C2E1} = {B903BC53-D4FC-4C45-8C96-05944FF2C2E1}
		{B8393972-B7A9-4BF0-9C43-5D55A4CFE436} = {B8393972-B7A9-4BF0-9C43-5D55A4CFE436}
		{586AD7E7-9897-484C-A2DB-27D30B8BFAA8} = {586AD7E7-9897-484C-A2DB-27D30B8BFAA8}
	EndProjectSection
EndProject
Project("{8BC9CEB8-8B4A-11D0-8D11-00A0C91BC942}") = "DV", "DV\DV.vcproj", "{9A4053AA-A454-4D17-8C98-C1487EDCBCC3}"
	ProjectSection(ProjectDependencies) = postProject
		{B903BC53-D4FC-4C45-8C96-05944FF2C2E1} = {B903BC53-D4FC-4C45-8C96-05944FF2C2E1}
		{B8393972-B7A9-4BF0-9C43-5D55A4CFE436} = {B8393972-B7A9-4BF0-9C43-5D55A4CFE436}
	EndProjectSection
EndProject
Project("{8BC9CEB8-8B4A-11D0-8D11-00A0C91BC942}") = "MedicalImage", "MedicalImage.vcproj", "{81E6845F-46BC-4815-85F1-607A59E4F3C4}"
	ProjectSection(ProjectDependencies) = postProject
		{B903BC53-D4FC-4C45-8C96-05944FF2C2E1} = {B903BC53-D4FC-4C45-8C96-05944FF2C2E1}
		{B8393972-B7A9-4BF0-9C43-5D55A4CFE436} = {B8393972-B7A9-4BF0-9C43-5D55A4CFE436}
	EndProjectSection
EndProject
Project("{8BC9CEB8-8B4A-11D0-8D11-00A0C91BC942}") = "Remover", "Remover\Remover.vcproj", "{38738A19-F559-457F-8C86-A94126DEACFE}"
	ProjectSection(ProjectDependencies) = postProject
		{B903BC53-D4FC-4C45-8C96-05944FF2C2E1} = {B903BC53-D4FC-4C45-8C96-05944FF2C2E1}
		{B8393972-B7A9-4BF0-9C43-5D55A4CFE436} = {B8393972-B7A9-4BF0-9C43-5D55A4CFE436}
	EndProjectSection
EndProject
Project("{8BC9CEB8-8B4A-11D0-8D11-00A0C91BC942}") = "dicomexport", "dicomexport\dicomexport.vcproj", "{1C21A996-0E36-4DF3-92A8-664864A57C38}"
	ProjectSection(ProjectDependencies) = postProject
		{B8393972-B7A9-4BF0-9C43-5D55A4CFE436} = {B8393972-B7A9-4BF0-9C43-5D55A4CFE436}
	EndProjectSection
EndProject
Project("{8BC9CEB8-8B4A-11D0-8D11-00A0C91BC942}") = "differ", "differ\differ.vcproj", "{0ECACED9-42E3-499D-94DE-F4097E651C95}"
	ProjectSection(ProjectDependencies) = postProject
		{B903BC53-D4FC-4C45-8C96-05944FF2C2E1} = {B903BC53-D4FC-4C45-8C96-05944FF2C2E1}
		{B8393972-B7A9-4BF0-9C43-5D55A4CFE436} = {B8393972-B7A9-4BF0-9C43-5D55A4CFE436}
	EndProjectSection
EndProject
Project("{8BC9CEB8-8B4A-11D0-8D11-00A0C91BC942}") = "fc", "..\fc\fc.vcproj", "{B903BC53-D4FC-4C45-8C96-05944FF2C2E1}"
	ProjectSection(ProjectDependencies) = postProject
		{586AD7E7-9897-484C-A2DB-27D30B8BFAA8} = {586AD7E7-9897-484C-A2DB-27D30B8BFAA8}
	EndProjectSection
EndProject
Project("{8BC9CEB8-8B4A-11D0-8D11-00A0C91BC942}") = "kernel", "..\agl\kernel\kernel.vcproj", "{B8393972-B7A9-4BF0-9C43-5D55A4CFE436}"
	ProjectSection(ProjectDependencies) = postProject
		{586AD7E7-9897-484C-A2DB-27D30B8BFAA8} = {586AD7E7-9897-484C-A2DB-27D30B8BFAA8}
	EndProjectSection
EndProject
Project("{8BC9CEB8-8B4A-11D0-8D11-00A0C91BC942}") = "tl", "..\tl\tl.vcproj", "{586AD7E7-9897-484C-A2DB-27D30B8BFAA8}"
EndProject
Project("{8BC9CEB8-8B4A-11D0-8D11-00A0C91BC942}") = "track", "track\track.vcproj", "{07CFCE95-5D14-4660-BC6F-939347D0B00A}"
	ProjectSection(ProjectDependencies) = postProject
		{B903BC53-D4FC-4C45-8C96-05944FF2C2E1} = {B903BC53-D4FC-4C45-8C96-05944FF2C2E1}
		{B8393972-B7A9-4BF0-9C43-5D55A4CFE436} = {B8393972-B7A9-4BF0-9C43-5D55A4CFE436}
		{586AD7E7-9897-484C-A2DB-27D30B8BFAA8} = {586AD7E7-9897-484C-A2DB-27D30B8BFAA8}
	EndProjectSection
EndProject
Project("{8BC9CEB8-8B4A-11D0-8D11-00A0C91BC942}") = "viewer", "..\agl\viewer\viewer.vcproj", "{8AB0ECF1-79C0-44F9-81EB-1BF15545C317}"
	ProjectSection(ProjectDependencies) = postProject
		{B8393972-B7A9-4BF0-9C43-5D55A4CFE436} = {B8393972-B7A9-4BF0-9C43-5D55A4CFE436}
	EndProjectSection
EndProject
Global
	GlobalSection(SolutionConfigurationPlatforms) = preSolution
		Debug|Win32 = Debug|Win32
		Release|Win32 = Release|Win32
		Release3D|Win32 = Release3D|Win32
		Test|Win32 = Test|Win32
	EndGlobalSection
	GlobalSection(ProjectConfigurationPlatforms) = postSolution
		{038F4FFE-49C5-4F22-85A1-80156E3928BF}.Debug|Win32.ActiveCfg = Debug|Win32
		{038F4FFE-49C5-4F22-85A1-80156E3928BF}.Debug|Win32.Build.0 = Debug|Win32
		{038F4FFE-49C5-4F22-85A1-80156E3928BF}.Release|Win32.ActiveCfg = Release|Win32
		{038F4FFE-49C5-4F22-85A1-80156E3928BF}.Release|Win32.Build.0 = Release|Win32
		{038F4FFE-49C5-4F22-85A1-80156E3928BF}.Release3D|Win32.ActiveCfg = Release|Win32
		{038F4FFE-49C5-4F22-85A1-80156E3928BF}.Release3D|Win32.Build.0 = Release|Win32
		{038F4FFE-49C5-4F22-85A1-80156E3928BF}.Test|Win32.ActiveCfg = Release|Win32
		{038F4FFE-49C5-4F22-85A1-80156E3928BF}.Test|Win32.Build.0 = Release|Win32
		{9A4053AA-A454-4D17-8C98-C1487EDCBCC3}.Debug|Win32.ActiveCfg = Debug|Win32
		{9A4053AA-A454-4D17-8C98-C1487EDCBCC3}.Debug|Win32.Build.0 = Debug|Win32
		{9A4053AA-A454-4D17-8C98-C1487EDCBCC3}.Release|Win32.ActiveCfg = Release|Win32
		{9A4053AA-A454-4D17-8C98-C1487EDCBCC3}.Release|Win32.Build.0 = Release|Win32
		{9A4053AA-A454-4D17-8C98-C1487EDCBCC3}.Release3D|Win32.ActiveCfg = Release|Win32
		{9A4053AA-A454-4D17-8C98-C1487EDCBCC3}.Release3D|Win32.Build.0 = Release|Win32
		{9A4053AA-A454-4D17-8C98-C1487EDCBCC3}.Test|Win32.ActiveCfg = Debug|Win32
		{9A4053AA-A454-4D17-8C98-C1487EDCBCC3}.Test|Win32.Build.0 = Debug|Win32
		{81E6845F-46BC-4815-85F1-607A59E4F3C4}.Debug|Win32.ActiveCfg = Debug|Win32
		{81E6845F-46BC-4815-85F1-607A59E4F3C4}.Debug|Win32.Build.0 = Debug|Win32
		{81E6845F-46BC-4815-85F1-607A59E4F3C4}.Release|Win32.ActiveCfg = Release|Win32
		{81E6845F-46BC-4815-85F1-607A59E4F3C4}.Release|Win32.Build.0 = Release|Win32
		{81E6845F-46BC-4815-85F1-607A59E4F3C4}.Release3D|Win32.ActiveCfg = Release3D|Win32
		{81E6845F-46BC-4815-85F1-607A59E4F3C4}.Release3D|Win32.Build.0 = Release3D|Win32
		{81E6845F-46BC-4815-85F1-607A59E4F3C4}.Test|Win32.ActiveCfg = Release3D|Win32
		{81E6845F-46BC-4815-85F1-607A59E4F3C4}.Test|Win32.Build.0 = Release3D|Win32
		{38738A19-F559-457F-8C86-A94126DEACFE}.Debug|Win32.ActiveCfg = Debug|Win32
		{38738A19-F559-457F-8C86-A94126DEACFE}.Debug|Win32.Build.0 = Debug|Win32
		{38738A19-F559-457F-8C86-A94126DEACFE}.Release|Win32.ActiveCfg = Release|Win32
		{38738A19-F559-457F-8C86-A94126DEACFE}.Release|Win32.Build.0 = Release|Win32
		{38738A19-F559-457F-8C86-A94126DEACFE}.Release3D|Win32.ActiveCfg = Release|Win32
		{38738A19-F559-457F-8C86-A94126DEACFE}.Release3D|Win32.Build.0 = Release|Win32
		{38738A19-F559-457F-8C86-A94126DEACFE}.Test|Win32.ActiveCfg = Debug|Win32
		{38738A19-F559-457F-8C86-A94126DEACFE}.Test|Win32.Build.0 = Debug|Win32
		{1C21A996-0E36-4DF3-92A8-664864A57C38}.Debug|Win32.ActiveCfg = Debug|Win32
		{1C21A996-0E36-4DF3-92A8-664864A57C38}.Debug|Win32.Build.0 = Debug|Win32
		{1C21A996-0E36-4DF3-92A8-664864A57C38}.Release|Win32.ActiveCfg = Release|Win32
		{1C21A996-0E36-4DF3-92A8-664864A57C38}.Release|Win32.Build.0 = Release|Win32
		{1C21A996-0E36-4DF3-92A8-664864A57C38}.Release3D|Win32.ActiveCfg = Release|Win32
		{1C21A996-0E36-4DF3-92A8-664864A57C38}.Release3D|Win32.Build.0 = Release|Win32
		{1C21A996-0E36-4DF3-92A8-664864A57C38}.Test|Win32.ActiveCfg = Debug|Win32
		{1C21A996-0E36-4DF3-92A8-664864A57C38}.Test|Win32.Build.0 = Debug|Win32
		{0ECACED9-42E3-499D-94DE-F4097E651C95}.Debug|Win32.ActiveCfg = Debug|Win32
		{0ECACED9-42E3-499D-94DE-F4097E651C95}.Debug|Win32.Build.0 = Debug|Win32
		{0ECACED9-42E3-499D-94DE-F4097E651C95}.Release|Win32.ActiveCfg = Release|Win32
		{0ECACED9-42E3-499D-94DE-F4097E651C95}.Release|Win32.Build.0 = Release|Win32
		{0ECACED9-42E3-499D-94DE-F4097E651C95}.Release3D|Win32.ActiveCfg = Release|Win32
		{0ECACED9-42E3-499D-94DE-F4097E651C95}.Release3D|Win32.Build.0 = Release|Win32
		{0ECACED9-42E3-499D-94DE-F4097E651C95}.Test|Win32.ActiveCfg = Debug|Win32
		{0ECACED9-42E3-499D-94DE-F4097E651C95}.Test|Win32.Build.0 = Debug|Win32
		{B903BC53-D4FC-4C45-8C96-05944FF2C2E1}.Debug|Win32.ActiveCfg = Debug|Win32
		{B903BC53-D4FC-4C45-8C96-05944FF2C2E1}.Debug|Win32.Build.0 = Debug|Win32
		{B903BC53-D4FC-4C45-8C96-05944FF2C2E1}.Release|Win32.ActiveCfg = Release|Win32
		{B903BC53-D4FC-4C45-8C96-05944FF2C2E1}.Release|Win32.Build.0 = Release|Win32
		{B903BC53-D4FC-4C45-8C96-05944FF2C2E1}.Release3D|Win32.ActiveCfg = Release|Win32
		{B903BC53-D4FC-4C45-8C96-05944FF2C2E1}.Release3D|Win32.Build.0 = Release|Win32
		{B903BC53-D4FC-4C45-8C96-05944FF2C2E1}.Test|Win32.ActiveCfg = Release|Win32
		{B903BC53-D4FC-4C45-8C96-05944FF2C2E1}.Test|Win32.Build.0 = Release|Win32
		{B8393972-B7A9-4BF0-9C43-5D55A4CFE436}.Debug|Win32.ActiveCfg = Debug|Win32
		{B8393972-B7A9-4BF0-9C43-5D55A4CFE436}.Debug|Win32.Build.0 = Debug|Win32
		{B8393972-B7A9-4BF0-9C43-5D55A4CFE436}.Release|Win32.ActiveCfg = Release|Win32
		{B8393972-B7A9-4BF0-9C43-5D55A4CFE436}.Release|Win32.Build.0 = Release|Win32
		{B8393972-B7A9-4BF0-9C43-5D55A4CFE436}.Release3D|Win32.ActiveCfg = Release|Win32
		{B8393972-B7A9-4BF0-9C43-5D55A4CFE436}.Release3D|Win32.Build.0 = Release|Win32
		{B8393972-B7A9-4BF0-9C43-5D55A4CFE436}.Test|Win32.ActiveCfg = Release|Win32
		{B8393972-B7A9-4BF0-9C43-5D55A4CFE436}.Test|Win32.Build.0 = Release|Win32
		{586AD7E7-9897-484C-A2DB-27D30B8BFAA8}.Debug|Win32.ActiveCfg = Debug|Win32
		{586AD7E7-9897-484C-A2DB-27D30B8BFAA8}.Debug|Win32.Build.0 = Debug|Win32
		{586AD7E7-9897-484C-A2DB-27D30B8BFAA8}.Release|Win32.ActiveCfg = Release|Win32
		{586AD7E7-9897-484C-A2DB-27D30B8BFAA8}.Release|Win32.Build.0 = Release|Win32
		{586AD7E7-9897-484C-A2DB-27D30B8BFAA8}.Release3D|Win32.ActiveCfg = Release|Win32
		{586AD7E7-9897-484C-A2DB-27D30B8BFAA8}.Release3D|Win32.Build.0 = Release|Win32
		{586AD7E7-9897-484C-A2DB-27D30B8BFAA8}.Test|Win32.ActiveCfg = Debug|Win32
		{586AD7E7-9897-484C-A2DB-27D30B8BFAA8}.Test|Win32.Build.0 = Debug|Win32
		{07CFCE95-5D14-4660-BC6F-939347D0B00A}.Debug|Win32.ActiveCfg = Debug|Win32
		{07CFCE95-5D14-4660-BC6F-939347D0B00A}.Debug|Win32.Build.0 = Debug|Win32
		{07CFCE95-5D14-4660-BC6F-939347D0B00A}.Release|Win32.ActiveCfg = Release|Win32
		{07CFCE95-5D14-4660-BC6F-939347D0B00A}.Release|Win32.Build.0 = Release|Win32
		{07CFCE95-5D14-4660-BC6F-939347D0B00A}.Release3D|Win32.ActiveCfg = Release|Win32
		{07CFCE95-5D14-4660-BC6F-939347D0B00A}.Release3D|Win32.Build.0 = Release|Win32
		{07CFCE95-5D14-4660-BC6F-939347D0B00A}.Test|Win32.ActiveCfg = Release|Win32
		{07CFCE95-5D14-4660-BC6F-939347D0B00A}.Test|Win32.Build.0 = Release|Win32
		{8AB0ECF1-79C0-44F9-81EB-1BF15545C317}.Debug|Win32.ActiveCfg = Debug|Win32
		{8AB0ECF1-79C0-44F9-81EB-1BF15545C317}.Debug|Win32.Build.0 = Debug|Win32
		{8AB0ECF1-79C0-44F9-81EB-1BF15545C317}.Release|Win32.ActiveCfg = Release|Win32
		{8AB0ECF1-79C0-44F9-81EB-1BF15545C317}.Release|Win32.Build.0 = Release|Win32
		{8AB0ECF1-79C0-44F9-81EB-1BF15545C317}.Release3D|Win32.ActiveCfg = Release|Win32
		{8AB0ECF1-79C0-44F9-81EB-1BF15545C317}.Release3D|Win32.Build.0 = Release|Win32
		{8AB0ECF1-79C0-44F9-81EB-1BF15545C317}.Test|Win32.ActiveCfg = Debug|Win32
		{8AB0ECF1-79C0-44F9-81EB-1BF15545C317}.Test|Win32.Build.0 = Debug|Win32
	EndGlobalSection
	GlobalSection(SolutionProperties) = preSolution
		HideSolutionNode = FALSE
	EndGlobalSection
EndGlobal
